// !$*UTF8*$!
{
	archiveVersion = 1;
	classes = {
	};
	objectVersion = 46;
	objects = {

/* Begin PBXBuildFile section */
		1B328EAC1546A9AC0049421D /* UIKit.framework in Frameworks */ = {isa = PBXBuildFile; fileRef = 1B328EAB1546A9AC0049421D /* UIKit.framework */; };
		1B328EAE1546A9AC0049421D /* Foundation.framework in Frameworks */ = {isa = PBXBuildFile; fileRef = 1B328EAD1546A9AC0049421D /* Foundation.framework */; };
		1B328EB01546A9AC0049421D /* CoreGraphics.framework in Frameworks */ = {isa = PBXBuildFile; fileRef = 1B328EAF1546A9AC0049421D /* CoreGraphics.framework */; };
		1B328EB61546A9AC0049421D /* InfoPlist.strings in Resources */ = {isa = PBXBuildFile; fileRef = 1B328EB41546A9AC0049421D /* InfoPlist.strings */; };
		1B328EB81546A9AC0049421D /* main.m in Sources */ = {isa = PBXBuildFile; fileRef = 1B328EB71546A9AC0049421D /* main.m */; };
		1B328EBC1546A9AC0049421D /* AppDelegate.m in Sources */ = {isa = PBXBuildFile; fileRef = 1B328EBB1546A9AC0049421D /* AppDelegate.m */; };
		1B328EBF1546A9AC0049421D /* ViewController.m in Sources */ = {isa = PBXBuildFile; fileRef = 1B328EBE1546A9AC0049421D /* ViewController.m */; };
		1B328EC21546A9AC0049421D /* ViewController.xib in Resources */ = {isa = PBXBuildFile; fileRef = 1B328EC01546A9AC0049421D /* ViewController.xib */; };
		1B328ED61546AC960049421D /* MongooseCocoa.m in Sources */ = {isa = PBXBuildFile; fileRef = 1B328ED51546AC960049421D /* MongooseCocoa.m */; };
		1B328EDA1546AEA90049421D /* mongoose.c in Sources */ = {isa = PBXBuildFile; fileRef = 1B328ED81546AEA90049421D /* mongoose.c */; };
/* End PBXBuildFile section */

/* Begin PBXFileReference section */
		1B328EA71546A9AC0049421D /* MongooseDemo.app */ = {isa = PBXFileReference; explicitFileType = wrapper.application; includeInIndex = 0; path = MongooseDemo.app; sourceTree = BUILT_PRODUCTS_DIR; };
		1B328EAB1546A9AC0049421D /* UIKit.framework */ = {isa = PBXFileReference; lastKnownFileType = wrapper.framework; name = UIKit.framework; path = System/Library/Frameworks/UIKit.framework; sourceTree = SDKROOT; };
		1B328EAD1546A9AC0049421D /* Foundation.framework */ = {isa = PBXFileReference; lastKnownFileType = wrapper.framework; name = Foundation.framework; path = System/Library/Frameworks/Foundation.framework; sourceTree = SDKROOT; };
		1B328EAF1546A9AC0049421D /* CoreGraphics.framework */ = {isa = PBXFileReference; lastKnownFileType = wrapper.framework; name = CoreGraphics.framework; path = System/Library/Frameworks/CoreGraphics.framework; sourceTree = SDKROOT; };
		1B328EB31546A9AC0049421D /* MongooseDemo-Info.plist */ = {isa = PBXFileReference; lastKnownFileType = text.plist.xml; path = "MongooseDemo-Info.plist"; sourceTree = "<group>"; };
		1B328EB51546A9AC0049421D /* en */ = {isa = PBXFileReference; lastKnownFileType = text.plist.strings; name = en; path = en.lproj/InfoPlist.strings; sourceTree = "<group>"; };
		1B328EB71546A9AC0049421D /* main.m */ = {isa = PBXFileReference; lastKnownFileType = sourcecode.c.objc; path = main.m; sourceTree = "<group>"; };
		1B328EB91546A9AC0049421D /* MongooseDemo-Prefix.pch */ = {isa = PBXFileReference; lastKnownFileType = sourcecode.c.h; path = "MongooseDemo-Prefix.pch"; sourceTree = "<group>"; };
		1B328EBA1546A9AC0049421D /* AppDelegate.h */ = {isa = PBXFileReference; lastKnownFileType = sourcecode.c.h; path = AppDelegate.h; sourceTree = "<group>"; };
		1B328EBB1546A9AC0049421D /* AppDelegate.m */ = {isa = PBXFileReference; lastKnownFileType = sourcecode.c.objc; path = AppDelegate.m; sourceTree = "<group>"; };
		1B328EBD1546A9AC0049421D /* ViewController.h */ = {isa = PBXFileReference; lastKnownFileType = sourcecode.c.h; path = ViewController.h; sourceTree = "<group>"; };
		1B328EBE1546A9AC0049421D /* ViewController.m */ = {isa = PBXFileReference; lastKnownFileType = sourcecode.c.objc; path = ViewController.m; sourceTree = "<group>"; };
		1B328EC11546A9AC0049421D /* en */ = {isa = PBXFileReference; lastKnownFileType = file.xib; name = en; path = en.lproj/ViewController.xib; sourceTree = "<group>"; };
		1B328ED41546AC960049421D /* MongooseCocoa.h */ = {isa = PBXFileReference; fileEncoding = 4; lastKnownFileType = sourcecode.c.h; name = MongooseCocoa.h; path = ../../src/MongooseCocoa.h; sourceTree = "<group>"; };
		1B328ED51546AC960049421D /* MongooseCocoa.m */ = {isa = PBXFileReference; fileEncoding = 4; lastKnownFileType = sourcecode.c.objc; name = MongooseCocoa.m; path = ../../src/MongooseCocoa.m; sourceTree = "<group>"; };
		1B328ED81546AEA90049421D /* mongoose.c */ = {isa = PBXFileReference; fileEncoding = 4; lastKnownFileType = sourcecode.c.c; name = mongoose.c; path = ../../src/mongoose.c; sourceTree = "<group>"; };
		1B328ED91546AEA90049421D /* mongoose.h */ = {isa = PBXFileReference; fileEncoding = 4; lastKnownFileType = sourcecode.c.h; name = mongoose.h; path = ../../src/mongoose.h; sourceTree = "<group>"; };
/* End PBXFileReference section */

/* Begin PBXFrameworksBuildPhase section */
		1B328EA41546A9AC0049421D /* Frameworks */ = {
			isa = PBXFrameworksBuildPhase;
			buildActionMask = 2147483647;
			files = (
				1B328EAC1546A9AC0049421D /* UIKit.framework in Frameworks */,
				1B328EAE1546A9AC0049421D /* Foundation.framework in Frameworks */,
				1B328EB01546A9AC0049421D /* CoreGraphics.framework in Frameworks */,
			);
			runOnlyForDeploymentPostprocessing = 0;
		};
/* End PBXFrameworksBuildPhase section */

/* Begin PBXGroup section */
		1B328E9C1546A9AC0049421D = {
			isa = PBXGroup;
			children = (
				1B328EB11546A9AC0049421D /* MongooseDemo */,
				1B328EAA1546A9AC0049421D /* Frameworks */,
				1B328EA81546A9AC0049421D /* Products */,
			);
			sourceTree = "<group>";
		};
		1B328EA81546A9AC0049421D /* Products */ = {
			isa = PBXGroup;
			children = (
				1B328EA71546A9AC0049421D /* MongooseDemo.app */,
			);
			name = Products;
			sourceTree = "<group>";
		};
		1B328EAA1546A9AC0049421D /* Frameworks */ = {
			isa = PBXGroup;
			children = (
				1B328EAB1546A9AC0049421D /* UIKit.framework */,
				1B328EAD1546A9AC0049421D /* Foundation.framework */,
				1B328EAF1546A9AC0049421D /* CoreGraphics.framework */,
			);
			name = Frameworks;
			sourceTree = "<group>";
		};
		1B328EB11546A9AC0049421D /* MongooseDemo */ = {
			isa = PBXGroup;
			children = (
				1B328ED81546AEA90049421D /* mongoose.c */,
				1B328ED91546AEA90049421D /* mongoose.h */,
				1B328EBA1546A9AC0049421D /* AppDelegate.h */,
				1B328EBB1546A9AC0049421D /* AppDelegate.m */,
				1B328EBD1546A9AC0049421D /* ViewController.h */,
				1B328EBE1546A9AC0049421D /* ViewController.m */,
				1B328EC01546A9AC0049421D /* ViewController.xib */,
				1B328EB21546A9AC0049421D /* Supporting Files */,
				1B328ED41546AC960049421D /* MongooseCocoa.h */,
				1B328ED51546AC960049421D /* MongooseCocoa.m */,
			);
			path = MongooseDemo;
			sourceTree = "<group>";
		};
		1B328EB21546A9AC0049421D /* Supporting Files */ = {
			isa = PBXGroup;
			children = (
				1B328EB31546A9AC0049421D /* MongooseDemo-Info.plist */,
				1B328EB41546A9AC0049421D /* InfoPlist.strings */,
				1B328EB71546A9AC0049421D /* main.m */,
				1B328EB91546A9AC0049421D /* MongooseDemo-Prefix.pch */,
			);
			name = "Supporting Files";
			sourceTree = "<group>";
		};
/* End PBXGroup section */

/* Begin PBXNativeTarget section */
		1B328EA61546A9AC0049421D /* MongooseDemo */ = {
			isa = PBXNativeTarget;
			buildConfigurationList = 1B328EC51546A9AC0049421D /* Build configuration list for PBXNativeTarget "MongooseDemo" */;
			buildPhases = (
				1B328EA31546A9AC0049421D /* Sources */,
				1B328EA41546A9AC0049421D /* Frameworks */,
				1B328EA51546A9AC0049421D /* Resources */,
			);
			buildRules = (
			);
			dependencies = (
			);
			name = MongooseDemo;
			productName = MongooseDemo;
			productReference = 1B328EA71546A9AC0049421D /* MongooseDemo.app */;
			productType = "com.apple.product-type.application";
		};
/* End PBXNativeTarget section */

/* Begin PBXProject section */
		1B328E9E1546A9AC0049421D /* Project object */ = {
			isa = PBXProject;
			attributes = {
				LastUpgradeCheck = 0430;
			};
			buildConfigurationList = 1B328EA11546A9AC0049421D /* Build configuration list for PBXProject "MongooseDemo" */;
			compatibilityVersion = "Xcode 3.2";
			developmentRegion = English;
			hasScannedForEncodings = 0;
			knownRegions = (
				en,
			);
			mainGroup = 1B328E9C1546A9AC0049421D;
			productRefGroup = 1B328EA81546A9AC0049421D /* Products */;
			projectDirPath = "";
			projectRoot = "";
			targets = (
				1B328EA61546A9AC0049421D /* MongooseDemo */,
			);
		};
/* End PBXProject section */

/* Begin PBXResourcesBuildPhase section */
		1B328EA51546A9AC0049421D /* Resources */ = {
			isa = PBXResourcesBuildPhase;
			buildActionMask = 2147483647;
			files = (
				1B328EB61546A9AC0049421D /* InfoPlist.strings in Resources */,
				1B328EC21546A9AC0049421D /* ViewController.xib in Resources */,
			);
			runOnlyForDeploymentPostprocessing = 0;
		};
/* End PBXResourcesBuildPhase section */

/* Begin PBXSourcesBuildPhase section */
		1B328EA31546A9AC0049421D /* Sources */ = {
			isa = PBXSourcesBuildPhase;
			buildActionMask = 2147483647;
			files = (
				1B328EB81546A9AC0049421D /* main.m in Sources */,
				1B328EBC1546A9AC0049421D /* AppDelegate.m in Sources */,
				1B328EBF1546A9AC0049421D /* ViewController.m in Sources */,
				1B328ED61546AC960049421D /* MongooseCocoa.m in Sources */,
				1B328EDA1546AEA90049421D /* mongoose.c in Sources */,
			);
			runOnlyForDeploymentPostprocessing = 0;
		};
/* End PBXSourcesBuildPhase section */

/* Begin PBXVariantGroup section */
		1B328EB41546A9AC0049421D /* InfoPlist.strings */ = {
			isa = PBXVariantGroup;
			children = (
				1B328EB51546A9AC0049421D /* en */,
			);
			name = InfoPlist.strings;
			sourceTree = "<group>";
		};
		1B328EC01546A9AC0049421D /* ViewController.xib */ = {
			isa = PBXVariantGroup;
			children = (
				1B328EC11546A9AC0049421D /* en */,
			);
			name = ViewController.xib;
			sourceTree = "<group>";
		};
/* End PBXVariantGroup section */

/* Begin XCBuildConfiguration section */
		1B328EC31546A9AC0049421D /* Debug */ = {
			isa = XCBuildConfiguration;
			buildSettings = {
				ALWAYS_SEARCH_USER_PATHS = NO;
				ARCHS = "$(ARCHS_STANDARD_32_BIT)";
				"CODE_SIGN_IDENTITY[sdk=iphoneos*]" = "iPhone Developer";
				COPY_PHASE_STRIP = NO;
				GCC_C_LANGUAGE_STANDARD = gnu99;
				GCC_DYNAMIC_NO_PIC = NO;
				GCC_OPTIMIZATION_LEVEL = 0;
				GCC_PREPROCESSOR_DEFINITIONS = (
					"DEBUG=1",
					"$(inherited)",
				);
				GCC_SYMBOLS_PRIVATE_EXTERN = NO;
				GCC_VERSION = com.apple.compilers.llvm.clang.1_0;
				GCC_WARN_ABOUT_RETURN_TYPE = YES;
				GCC_WARN_UNINITIALIZED_AUTOS = YES;
				GCC_WARN_UNUSED_VARIABLE = YES;
				IPHONEOS_DEPLOYMENT_TARGET = 5.1;
				SDKROOT = iphoneos;
			};
			name = Debug;
		};
		1B328EC41546A9AC0049421D /* Release */ = {
			isa = XCBuildConfiguration;
			buildSettings = {
				ALWAYS_SEARCH_USER_PATHS = NO;
				ARCHS = "$(ARCHS_STANDARD_32_BIT)";
				"CODE_SIGN_IDENTITY[sdk=iphoneos*]" = "iPhone Developer";
				COPY_PHASE_STRIP = YES;
				GCC_C_LANGUAGE_STANDARD = gnu99;
				GCC_VERSION = com.apple.compilers.llvm.clang.1_0;
				GCC_WARN_ABOUT_RETURN_TYPE = YES;
				GCC_WARN_UNINITIALIZED_AUTOS = YES;
				GCC_WARN_UNUSED_VARIABLE = YES;
				IPHONEOS_DEPLOYMENT_TARGET = 5.1;
				OTHER_CFLAGS = "-DNS_BLOCK_ASSERTIONS=1";
				SDKROOT = iphoneos;
				VALIDATE_PRODUCT = YES;
			};
			name = Release;
		};
		1B328EC61546A9AC0049421D /* Debug */ = {
			isa = XCBuildConfiguration;
			buildSettings = {
				GCC_PRECOMPILE_PREFIX_HEADER = YES;
				GCC_PREFIX_HEADER = "MongooseDemo/MongooseDemo-Prefix.pch";
				INFOPLIST_FILE = "MongooseDemo/MongooseDemo-Info.plist";
				PRODUCT_NAME = "$(TARGET_NAME)";
				WRAPPER_EXTENSION = app;
			};
			name = Debug;
		};
		1B328EC71546A9AC0049421D /* Release */ = {
			isa = XCBuildConfiguration;
			buildSettings = {
				GCC_PRECOMPILE_PREFIX_HEADER = YES;
				GCC_PREFIX_HEADER = "MongooseDemo/MongooseDemo-Prefix.pch";
				INFOPLIST_FILE = "MongooseDemo/MongooseDemo-Info.plist";
				PRODUCT_NAME = "$(TARGET_NAME)";
				WRAPPER_EXTENSION = app;
			};
			name = Release;
		};
/* End XCBuildConfiguration section */

/* Begin XCConfigurationList section */
		1B328EA11546A9AC0049421D /* Build configuration list for PBXProject "MongooseDemo" */ = {
			isa = XCConfigurationList;
			buildConfigurations = (
				1B328EC31546A9AC0049421D /* Debug */,
				1B328EC41546A9AC0049421D /* Release */,
			);
			defaultConfigurationIsVisible = 0;
			defaultConfigurationName = Release;
		};
		1B328EC51546A9AC0049421D /* Build configuration list for PBXNativeTarget "MongooseDemo" */ = {
			isa = XCConfigurationList;
			buildConfigurations = (
				1B328EC61546A9AC0049421D /* Debug */,
				1B328EC71546A9AC0049421D /* Release */,
			);
			defaultConfigurationIsVisible = 0;
			defaultConfigurationName = Release;
		};
/* End XCConfigurationList section */
	};
	rootObject = 1B328E9E1546A9AC0049421D /* Project object */;
}
